
Microsoft Visual Studio Solution File, Format Version 12.00
# Visual Studio 15
VisualStudioVersion = 15.0.27703.2000
MinimumVisualStudioVersion = 10.0.40219.1
Project("{8BC9CEB8-8B4A-11D0-8D11-00A0C91BC942}") = "nauUtilities", "nauUtilities\nauUtilities.vcxproj", "{4CD878BC-5C4E-47A3-BD97-5CBF928B40B5}"
EndProject
Project("{8BC9CEB8-8B4A-11D0-8D11-00A0C91BC942}") = "nauUtilities_UnitTest", "nauUtilities_UnitTest\nauUtilities_UnitTest.vcxproj", "{A537FA4F-0746-4C11-90AB-0A6FD7F85C5B}"
	ProjectSection(ProjectDependencies) = postProject
		{4CD878BC-5C4E-47A3-BD97-5CBF928B40B5} = {4CD878BC-5C4E-47A3-BD97-5CBF928B40B5}
	EndProjectSection
EndProject
Project("{8BC9CEB8-8B4A-11D0-8D11-00A0C91BC942}") = "nauGraphicsDX", "nauGraphicsDX\nauGraphicsDX.vcxproj", "{43528801-4BC1-4F7E-849B-97BDE275CCAD}"
	ProjectSection(ProjectDependencies) = postProject
		{7CF3EAAA-5F22-4A20-864A-FDB28FF9D52A} = {7CF3EAAA-5F22-4A20-864A-FDB28FF9D52A}
		{4CD878BC-5C4E-47A3-BD97-5CBF928B40B5} = {4CD878BC-5C4E-47A3-BD97-5CBF928B40B5}
	EndProjectSection
EndProject
Project("{8BC9CEB8-8B4A-11D0-8D11-00A0C91BC942}") = "nauCore", "nauCore\nauCore.vcxproj", "{7CF3EAAA-5F22-4A20-864A-FDB28FF9D52A}"
	ProjectSection(ProjectDependencies) = postProject
		{4CD878BC-5C4E-47A3-BD97-5CBF928B40B5} = {4CD878BC-5C4E-47A3-BD97-5CBF928B40B5}
	EndProjectSection
EndProject
Project("{8BC9CEB8-8B4A-11D0-8D11-00A0C91BC942}") = "nauGraphics_UnitTest", "nauGraphics_UnitTest\nauGraphics_UnitTest.vcxproj", "{7ED499A4-3FBB-46FC-8194-EBD0ADF40F88}"
	ProjectSection(ProjectDependencies) = postProject
		{43528801-4BC1-4F7E-849B-97BDE275CCAD} = {43528801-4BC1-4F7E-849B-97BDE275CCAD}
		{7CF3EAAA-5F22-4A20-864A-FDB28FF9D52A} = {7CF3EAAA-5F22-4A20-864A-FDB28FF9D52A}
		{4CD878BC-5C4E-47A3-BD97-5CBF928B40B5} = {4CD878BC-5C4E-47A3-BD97-5CBF928B40B5}
	EndProjectSection
EndProject
Project("{8BC9CEB8-8B4A-11D0-8D11-00A0C91BC942}") = "nauInput", "nauInput\nauInput.vcxproj", "{BA9C5B3C-A0AE-4CFD-8AE0-095357FB55BA}"
EndProject
Project("{8BC9CEB8-8B4A-11D0-8D11-00A0C91BC942}") = "IrinAIK", "IrinAIK\IrinAIK.vcxproj", "{F9CE766F-6176-45D5-9D90-420E09720E4F}"
EndProject
Global
	GlobalSection(SolutionConfigurationPlatforms) = preSolution
		Debug|x64 = Debug|x64
		Debug|x86 = Debug|x86
		Release|x64 = Release|x64
		Release|x86 = Release|x86
	EndGlobalSection
	GlobalSection(ProjectConfigurationPlatforms) = postSolution
		{4CD878BC-5C4E-47A3-BD97-5CBF928B40B5}.Debug|x64.ActiveCfg = Debug|x64
		{4CD878BC-5C4E-47A3-BD97-5CBF928B40B5}.Debug|x64.Build.0 = Debug|x64
		{4CD878BC-5C4E-47A3-BD97-5CBF928B40B5}.Debug|x86.ActiveCfg = Debug|Win32
		{4CD878BC-5C4E-47A3-BD97-5CBF928B40B5}.Debug|x86.Build.0 = Debug|Win32
		{4CD878BC-5C4E-47A3-BD97-5CBF928B40B5}.Release|x64.ActiveCfg = Release|x64
		{4CD878BC-5C4E-47A3-BD97-5CBF928B40B5}.Release|x64.Build.0 = Release|x64
		{4CD878BC-5C4E-47A3-BD97-5CBF928B40B5}.Release|x86.ActiveCfg = Release|Win32
		{4CD878BC-5C4E-47A3-BD97-5CBF928B40B5}.Release|x86.Build.0 = Release|Win32
		{A537FA4F-0746-4C11-90AB-0A6FD7F85C5B}.Debug|x64.ActiveCfg = Debug|x64
		{A537FA4F-0746-4C11-90AB-0A6FD7F85C5B}.Debug|x64.Build.0 = Debug|x64
		{A537FA4F-0746-4C11-90AB-0A6FD7F85C5B}.Debug|x86.ActiveCfg = Debug|Win32
		{A537FA4F-0746-4C11-90AB-0A6FD7F85C5B}.Debug|x86.Build.0 = Debug|Win32
		{A537FA4F-0746-4C11-90AB-0A6FD7F85C5B}.Release|x64.ActiveCfg = Release|x64
		{A537FA4F-0746-4C11-90AB-0A6FD7F85C5B}.Release|x64.Build.0 = Release|x64
		{A537FA4F-0746-4C11-90AB-0A6FD7F85C5B}.Release|x86.ActiveCfg = Release|Win32
		{A537FA4F-0746-4C11-90AB-0A6FD7F85C5B}.Release|x86.Build.0 = Release|Win32
		{43528801-4BC1-4F7E-849B-97BDE275CCAD}.Debug|x64.ActiveCfg = Debug|x64
		{43528801-4BC1-4F7E-849B-97BDE275CCAD}.Debug|x64.Build.0 = Debug|x64
		{43528801-4BC1-4F7E-849B-97BDE275CCAD}.Debug|x86.ActiveCfg = Debug|Win32
		{43528801-4BC1-4F7E-849B-97BDE275CCAD}.Debug|x86.Build.0 = Debug|Win32
		{43528801-4BC1-4F7E-849B-97BDE275CCAD}.Release|x64.ActiveCfg = Release|x64
		{43528801-4BC1-4F7E-849B-97BDE275CCAD}.Release|x64.Build.0 = Release|x64
		{43528801-4BC1-4F7E-849B-97BDE275CCAD}.Release|x86.ActiveCfg = Release|Win32
		{43528801-4BC1-4F7E-849B-97BDE275CCAD}.Release|x86.Build.0 = Release|Win32
		{7CF3EAAA-5F22-4A20-864A-FDB28FF9D52A}.Debug|x64.ActiveCfg = Debug|x64
		{7CF3EAAA-5F22-4A20-864A-FDB28FF9D52A}.Debug|x64.Build.0 = Debug|x64
		{7CF3EAAA-5F22-4A20-864A-FDB28FF9D52A}.Debug|x86.ActiveCfg = Debug|Win32
		{7CF3EAAA-5F22-4A20-864A-FDB28FF9D52A}.Debug|x86.Build.0 = Debug|Win32
		{7CF3EAAA-5F22-4A20-864A-FDB28FF9D52A}.Release|x64.ActiveCfg = Release|x64
		{7CF3EAAA-5F22-4A20-864A-FDB28FF9D52A}.Release|x64.Build.0 = Release|x64
		{7CF3EAAA-5F22-4A20-864A-FDB28FF9D52A}.Release|x86.ActiveCfg = Release|Win32
		{7CF3EAAA-5F22-4A20-864A-FDB28FF9D52A}.Release|x86.Build.0 = Release|Win32
		{7ED499A4-3FBB-46FC-8194-EBD0ADF40F88}.Debug|x64.ActiveCfg = Debug|x64
		{7ED499A4-3FBB-46FC-8194-EBD0ADF40F88}.Debug|x64.Build.0 = Debug|x64
		{7ED499A4-3FBB-46FC-8194-EBD0ADF40F88}.Debug|x86.ActiveCfg = Debug|Win32
		{7ED499A4-3FBB-46FC-8194-EBD0ADF40F88}.Debug|x86.Build.0 = Debug|Win32
		{7ED499A4-3FBB-46FC-8194-EBD0ADF40F88}.Release|x64.ActiveCfg = Release|x64
		{7ED499A4-3FBB-46FC-8194-EBD0ADF40F88}.Release|x64.Build.0 = Release|x64
		{7ED499A4-3FBB-46FC-8194-EBD0ADF40F88}.Release|x86.ActiveCfg = Release|Win32
		{7ED499A4-3FBB-46FC-8194-EBD0ADF40F88}.Release|x86.Build.0 = Release|Win32
		{BA9C5B3C-A0AE-4CFD-8AE0-095357FB55BA}.Debug|x64.ActiveCfg = Debug|x64
		{BA9C5B3C-A0AE-4CFD-8AE0-095357FB55BA}.Debug|x64.Build.0 = Debug|x64
		{BA9C5B3C-A0AE-4CFD-8AE0-095357FB55BA}.Debug|x86.ActiveCfg = Debug|Win32
		{BA9C5B3C-A0AE-4CFD-8AE0-095357FB55BA}.Debug|x86.Build.0 = Debug|Win32
		{BA9C5B3C-A0AE-4CFD-8AE0-095357FB55BA}.Release|x64.ActiveCfg = Release|x64
		{BA9C5B3C-A0AE-4CFD-8AE0-095357FB55BA}.Release|x64.Build.0 = Release|x64
		{BA9C5B3C-A0AE-4CFD-8AE0-095357FB55BA}.Release|x86.ActiveCfg = Release|Win32
		{BA9C5B3C-A0AE-4CFD-8AE0-095357FB55BA}.Release|x86.Build.0 = Release|Win32
		{F9CE766F-6176-45D5-9D90-420E09720E4F}.Debug|x64.ActiveCfg = Debug|x64
		{F9CE766F-6176-45D5-9D90-420E09720E4F}.Debug|x64.Build.0 = Debug|x64
		{F9CE766F-6176-45D5-9D90-420E09720E4F}.Debug|x86.ActiveCfg = Debug|Win32
		{F9CE766F-6176-45D5-9D90-420E09720E4F}.Debug|x86.Build.0 = Debug|Win32
		{F9CE766F-6176-45D5-9D90-420E09720E4F}.Release|x64.ActiveCfg = Release|x64
		{F9CE766F-6176-45D5-9D90-420E09720E4F}.Release|x64.Build.0 = Release|x64
		{F9CE766F-6176-45D5-9D90-420E09720E4F}.Release|x86.ActiveCfg = Release|Win32
		{F9CE766F-6176-45D5-9D90-420E09720E4F}.Release|x86.Build.0 = Release|Win32
	EndGlobalSection
	GlobalSection(SolutionProperties) = preSolution
		HideSolutionNode = FALSE
	EndGlobalSection
	GlobalSection(ExtensibilityGlobals) = postSolution
		SolutionGuid = {B11F05D8-7EE8-423F-AC4E-25BCAAD34280}
	EndGlobalSection
EndGlobal
