<?xml version="1.0" encoding="utf-8"?>
<Project ToolsVersion="4.0" xmlns="http://schemas.microsoft.com/developer/msbuild/2003">
  <ItemGroup>
    <Filter Include="Source Files">
      <UniqueIdentifier>{4FC737F1-C7A5-4376-A066-2A32D752A2FF}</UniqueIdentifier>
      <Extensions>h;hpp;cpp;c;cc;cxx;def;odl;idl;hpj;bat;asm;asmx</Extensions>
    </Filter>
    <Filter Include="Source Files\Animation">
      <UniqueIdentifier>{8a539b46-feaa-4d72-a3b6-8dfd8dd8a8ce}</UniqueIdentifier>
    </Filter>
    <Filter Include="Source Files\Modules">
      <UniqueIdentifier>{c0ebd919-2b3d-49fb-9f8e-c65333890714}</UniqueIdentifier>
    </Filter>
    <Filter Include="Source Files\Input">
      <UniqueIdentifier>{a0bcc58b-9e73-4526-9a29-e0129362ed1c}</UniqueIdentifier>
    </Filter>
    <Filter Include="Source Files\Graphic Interfaces">
      <UniqueIdentifier>{bf88c845-e3f0-41f1-9021-b993379a0c43}</UniqueIdentifier>
    </Filter>
    <Filter Include="Source Files\GameObjects">
      <UniqueIdentifier>{e3caf9ef-1993-4aaa-9e8d-e5f227e91beb}</UniqueIdentifier>
    </Filter>
    <Filter Include="Source Files\System">
      <UniqueIdentifier>{7653c942-6e1f-40b7-8a7b-31ad7b37c532}</UniqueIdentifier>
    </Filter>
    <Filter Include="Source Files\Resources">
      <UniqueIdentifier>{7506ae57-487b-477c-9c2a-07c63de38072}</UniqueIdentifier>
    </Filter>
    <Filter Include="Source Files\IrinaIK">
      <UniqueIdentifier>{0350cd0b-1a70-42c1-b643-75780c2c6805}</UniqueIdentifier>
    </Filter>
  </ItemGroup>
  <ItemGroup>
    <ClInclude Include="include\nauAnimation.h">
      <Filter>Source Files\Animation</Filter>
    </ClInclude>
    <ClInclude Include="include\nauAnimationBone.h">
      <Filter>Source Files\Animation</Filter>
    </ClInclude>
    <ClInclude Include="include\nauAnimator.h">
      <Filter>Source Files\Animation</Filter>
    </ClInclude>
    <ClInclude Include="include\nauInputManager.h">
      <Filter>Source Files\Input</Filter>
    </ClInclude>
    <ClInclude Include="include\nauDevice.h">
      <Filter>Source Files\Graphic Interfaces</Filter>
    </ClInclude>
    <ClInclude Include="include\nauDepthStencil.h">
      <Filter>Source Files\Graphic Interfaces</Filter>
    </ClInclude>
    <ClInclude Include="include\nauGraphicsAPI.h">
      <Filter>Source Files\Graphic Interfaces</Filter>
    </ClInclude>
    <ClInclude Include="include\nauGraphicsBuffer.h">
      <Filter>Source Files\Graphic Interfaces</Filter>
    </ClInclude>
    <ClInclude Include="include\nauInputLayout.h">
      <Filter>Source Files\Graphic Interfaces</Filter>
    </ClInclude>
    <ClInclude Include="include\nauLogger.h">
      <Filter>Source Files\Modules</Filter>
    </ClInclude>
    <ClInclude Include="include\nauCameraManager.h">
      <Filter>Source Files\Modules</Filter>
    </ClInclude>
    <ClInclude Include="include\nauClock.h">
      <Filter>Source Files\Modules</Filter>
    </ClInclude>
    <ClInclude Include="include\nauRenderManager.h">
      <Filter>Source Files\Modules</Filter>
    </ClInclude>
    <ClInclude Include="include\nauTexture.h">
      <Filter>Source Files\Graphic Interfaces</Filter>
    </ClInclude>
    <ClInclude Include="include\nauSwapChain.h">
      <Filter>Source Files\Graphic Interfaces</Filter>
    </ClInclude>
    <ClInclude Include="include\nauShaderResourceView.h">
      <Filter>Source Files\Graphic Interfaces</Filter>
    </ClInclude>
    <ClInclude Include="include\nauShader.h">
      <Filter>Source Files\Graphic Interfaces</Filter>
    </ClInclude>
    <ClInclude Include="include\nauSamplerState.h">
      <Filter>Source Files\Graphic Interfaces</Filter>
    </ClInclude>
    <ClInclude Include="include\nauRasterizerState.h">
      <Filter>Source Files\Graphic Interfaces</Filter>
    </ClInclude>
    <ClInclude Include="include\nauRenderTargetView.h">
      <Filter>Source Files\Graphic Interfaces</Filter>
    </ClInclude>
    <ClInclude Include="include\nauViewPort.h">
      <Filter>Source Files\Graphic Interfaces</Filter>
    </ClInclude>
    <ClInclude Include="include\nauTextureDescriptor.h">
      <Filter>Source Files\Graphic Interfaces</Filter>
    </ClInclude>
    <ClInclude Include="include\nauComponent.h">
      <Filter>Source Files\GameObjects</Filter>
    </ClInclude>
    <ClInclude Include="include\nauModel.h">
      <Filter>Source Files\GameObjects</Filter>
    </ClInclude>
    <ClInclude Include="include\nauInput.h">
      <Filter>Source Files\Input</Filter>
    </ClInclude>
    <ClInclude Include="include\nauMuscleWeight.h">
      <Filter>Source Files\Animation</Filter>
    </ClInclude>
    <ClInclude Include="include\nauBoneWeight.h">
      <Filter>Source Files\Animation</Filter>
    </ClInclude>
    <ClInclude Include="include\nauBone.h">
      <Filter>Source Files\Animation</Filter>
    </ClInclude>
    <ClInclude Include="include\nauSkeleton.h">
      <Filter>Source Files\Animation</Filter>
    </ClInclude>
    <ClInclude Include="include\nauResourceManager.h">
      <Filter>Source Files\Modules</Filter>
    </ClInclude>
    <ClInclude Include="include\nauAudioClip.h">
      <Filter>Source Files\GameObjects</Filter>
    </ClInclude>
    <ClInclude Include="include\nauAudioSource.h">
      <Filter>Source Files\GameObjects</Filter>
    </ClInclude>
    <ClInclude Include="include\nauModelNode.h">
      <Filter>Source Files\Animation</Filter>
    </ClInclude>
    <ClInclude Include="include\nauGameObject.h">
      <Filter>Source Files\GameObjects</Filter>
    </ClInclude>
    <ClInclude Include="include\nauInputDevice.h">
      <Filter>Source Files\Input</Filter>
    </ClInclude>
    <ClInclude Include="include\nauAnimationManager.h">
      <Filter>Source Files\Modules</Filter>
    </ClInclude>
    <ClInclude Include="include\nauBaseApp.h">
      <Filter>Source Files\Resources</Filter>
    </ClInclude>
    <ClInclude Include="include\nauCodec.h">
      <Filter>Source Files\Resources</Filter>
    </ClInclude>
    <ClInclude Include="include\nauMaterial.h">
      <Filter>Source Files\Resources</Filter>
    </ClInclude>
    <ClInclude Include="include\nauMesh.h">
      <Filter>Source Files\Resources</Filter>
    </ClInclude>
    <ClInclude Include="include\nauNode.h">
      <Filter>Source Files\Resources</Filter>
    </ClInclude>
    <ClInclude Include="include\nauResource.h">
      <Filter>Source Files\Resources</Filter>
    </ClInclude>
    <ClInclude Include="include\nauScene.h">
      <Filter>Source Files\Resources</Filter>
    </ClInclude>
    <ClInclude Include="include\nauSceneGraph.h">
      <Filter>Source Files\Resources</Filter>
    </ClInclude>
    <ClInclude Include="include\nauCamera.h">
      <Filter>Source Files\GameObjects</Filter>
    </ClInclude>
    <ClInclude Include="include\nauCoreFactory.h">
      <Filter>Source Files\Modules</Filter>
    </ClInclude>
    <ClInclude Include="include\nauPrerequisitesCore.h">
      <Filter>Source Files\System</Filter>
    </ClInclude>
    <ClInclude Include="include\nauPassPerInfo.h">
      <Filter>Source Files\System</Filter>
    </ClInclude>
    <ClInclude Include="include\nauGraphicPass.h">
      <Filter>Source Files\System</Filter>
    </ClInclude>
    <ClInclude Include="include\nauConstantBufferMatrix.h">
      <Filter>Source Files\System</Filter>
    </ClInclude>
    <ClInclude Include="include\nauVertex.h">
      <Filter>Source Files\System</Filter>
    </ClInclude>
    <ClInclude Include="include\nauVertexWeight.h">
      <Filter>Source Files\System</Filter>
    </ClInclude>
    <ClInclude Include="include\nauTimer.h">
      <Filter>Source Files\GameObjects</Filter>
    </ClInclude>
    <ClInclude Include="include\nauSceneManager.h">
      <Filter>Source Files\Modules</Filter>
    </ClInclude>
    <ClInclude Include="include\nauProject.h">
      <Filter>Source Files\Resources</Filter>
    </ClInclude>
    <ClInclude Include="include\nauNetwork.h">
      <Filter>Source Files\IrinaIK</Filter>
    </ClInclude>
    <ClInclude Include="include\nauNeuralLayer.h">
      <Filter>Source Files\IrinaIK</Filter>
    </ClInclude>
    <ClInclude Include="include\nauNeuron.h">
      <Filter>Source Files\IrinaIK</Filter>
    </ClInclude>
  </ItemGroup>
  <ItemGroup>
    <ClCompile Include="src\nauAnimator.cpp">
      <Filter>Source Files\Animation</Filter>
    </ClCompile>
    <ClCompile Include="src\nauGraphicsAPI.cpp">
      <Filter>Source Files\Graphic Interfaces</Filter>
    </ClCompile>
    <ClCompile Include="src\nauGraphicsBuffer.cpp">
      <Filter>Source Files\Graphic Interfaces</Filter>
    </ClCompile>
    <ClCompile Include="src\nauLogger.cpp">
      <Filter>Source Files\Modules</Filter>
    </ClCompile>
    <ClCompile Include="src\nauCameraManager.cpp">
      <Filter>Source Files\Modules</Filter>
    </ClCompile>
    <ClCompile Include="src\nauClock.cpp">
      <Filter>Source Files\Modules</Filter>
    </ClCompile>
    <ClCompile Include="src\nauRenderManager.cpp">
      <Filter>Source Files\Modules</Filter>
    </ClCompile>
    <ClCompile Include="src\nauComponent.cpp">
      <Filter>Source Files\GameObjects</Filter>
    </ClCompile>
    <ClCompile Include="src\nauModel.cpp">
      <Filter>Source Files\GameObjects</Filter>
    </ClCompile>
    <ClCompile Include="src\nauMuscleWeight.cpp">
      <Filter>Source Files\Animation</Filter>
    </ClCompile>
    <ClCompile Include="src\nauSkeleton.cpp">
      <Filter>Source Files\Animation</Filter>
    </ClCompile>
    <ClCompile Include="src\nauResourceManager.cpp">
      <Filter>Source Files\Modules</Filter>
    </ClCompile>
    <ClCompile Include="src\nauAudioClip.cpp">
      <Filter>Source Files\GameObjects</Filter>
    </ClCompile>
    <ClCompile Include="src\nauAudioSource.cpp">
      <Filter>Source Files\GameObjects</Filter>
    </ClCompile>
    <ClCompile Include="src\nauGameObject.cpp">
      <Filter>Source Files\GameObjects</Filter>
    </ClCompile>
    <ClCompile Include="src\nauAnimationManager.cpp">
      <Filter>Source Files\Modules</Filter>
    </ClCompile>
    <ClCompile Include="src\nauCodec.cpp">
      <Filter>Source Files\Resources</Filter>
    </ClCompile>
    <ClCompile Include="src\nauMaterial.cpp">
      <Filter>Source Files\Resources</Filter>
    </ClCompile>
    <ClCompile Include="src\nauMesh.cpp">
      <Filter>Source Files\Resources</Filter>
    </ClCompile>
    <ClCompile Include="src\nauNode.cpp">
      <Filter>Source Files\Resources</Filter>
    </ClCompile>
    <ClCompile Include="src\nauScene.cpp">
      <Filter>Source Files\Resources</Filter>
    </ClCompile>
    <ClCompile Include="src\nauSceneGraph.cpp">
      <Filter>Source Files\Resources</Filter>
    </ClCompile>
    <ClCompile Include="src\nauCamera.cpp">
      <Filter>Source Files\GameObjects</Filter>
    </ClCompile>
    <ClCompile Include="src\nauCoreFactory.cpp">
      <Filter>Source Files\Modules</Filter>
    </ClCompile>
    <ClCompile Include="src\nauGraphicPass.cpp">
      <Filter>Source Files\System</Filter>
    </ClCompile>
    <ClCompile Include="src\nauTimer.cpp">
      <Filter>Source Files\GameObjects</Filter>
    </ClCompile>
    <ClCompile Include="src\nauSceneManager.cpp">
      <Filter>Source Files\Modules</Filter>
    </ClCompile>
    <ClCompile Include="src\nauProject.cpp">
      <Filter>Source Files\Resources</Filter>
    </ClCompile>
    <ClCompile Include="src\nauAnimation.cpp">
      <Filter>Source Files\Animation</Filter>
    </ClCompile>
    <ClCompile Include="src\nauNetwork.cpp">
      <Filter>Source Files\IrinaIK</Filter>
    </ClCompile>
    <ClCompile Include="src\nauNeuralLayer.cpp">
      <Filter>Source Files\IrinaIK</Filter>
    </ClCompile>
    <ClCompile Include="src\nauNeuron.cpp">
      <Filter>Source Files\IrinaIK</Filter>
    </ClCompile>
  </ItemGroup>
</Project>