<?xml version="1.0" encoding="utf-8"?>
<Project ToolsVersion="4.0" xmlns="http://schemas.microsoft.com/developer/msbuild/2003">
  <ItemGroup>
    <Filter Include="Source Files">
      <UniqueIdentifier>{4FC737F1-C7A5-4376-A066-2A32D752A2FF}</UniqueIdentifier>
      <Extensions>h;hpp;cpp;c;cc;cxx;def;odl;idl;hpj;bat;asm;asmx</Extensions>
    </Filter>
  </ItemGroup>
  <ItemGroup>
    <ClInclude Include="include\nauDepthStencilView.h">
      <Filter>Source Files</Filter>
    </ClInclude>
    <ClInclude Include="include\nauDevice.h">
      <Filter>Source Files</Filter>
    </ClInclude>
    <ClInclude Include="include\nauDeviceContext.h">
      <Filter>Source Files</Filter>
    </ClInclude>
    <ClInclude Include="include\nauGraphicsBuffer.h">
      <Filter>Source Files</Filter>
    </ClInclude>
    <ClInclude Include="include\nauInputLayout.h">
      <Filter>Source Files</Filter>
    </ClInclude>
    <ClInclude Include="include\nauMesh.h">
      <Filter>Source Files</Filter>
    </ClInclude>
    <ClInclude Include="include\nauModel.h">
      <Filter>Source Files</Filter>
    </ClInclude>
    <ClInclude Include="include\nauRenderTargetView.h">
      <Filter>Source Files</Filter>
    </ClInclude>
    <ClInclude Include="include\nauSamplerState.h">
      <Filter>Source Files</Filter>
    </ClInclude>
    <ClInclude Include="include\nauShader.h">
      <Filter>Source Files</Filter>
    </ClInclude>
    <ClInclude Include="include\nauShaderResourceView.h">
      <Filter>Source Files</Filter>
    </ClInclude>
    <ClInclude Include="include\nauSwapChain.h">
      <Filter>Source Files</Filter>
    </ClInclude>
    <ClInclude Include="include\nauTexture.h">
      <Filter>Source Files</Filter>
    </ClInclude>
    <ClInclude Include="include\nauVertex.h">
      <Filter>Source Files</Filter>
    </ClInclude>
    <ClInclude Include="include\nauViewPort.h">
      <Filter>Source Files</Filter>
    </ClInclude>
    <ClInclude Include="include\nauGraphicsAPI.h">
      <Filter>Source Files</Filter>
    </ClInclude>
    <ClInclude Include="include\nauRasterizerState.h">
      <Filter>Source Files</Filter>
    </ClInclude>
    <ClInclude Include="include\nauPrerequisitesCore.h">
      <Filter>Source Files</Filter>
    </ClInclude>
    <ClInclude Include="include\nauBaseApp.h">
      <Filter>Source Files</Filter>
    </ClInclude>
    <ClInclude Include="include\nauCamera.h">
      <Filter>Source Files</Filter>
    </ClInclude>
    <ClInclude Include="include\nauDepthStencil.h">
      <Filter>Source Files</Filter>
    </ClInclude>
    <ClInclude Include="include\nauCameraManager.h">
      <Filter>Source Files</Filter>
    </ClInclude>
    <ClInclude Include="include\nauMaterial.h">
      <Filter>Source Files</Filter>
    </ClInclude>
    <ClInclude Include="include\nauComponent.h">
      <Filter>Source Files</Filter>
    </ClInclude>
    <ClInclude Include="include\nauGameObject.h">
      <Filter>Source Files</Filter>
    </ClInclude>
    <ClInclude Include="include\nauConstantBufferMatrix.h">
      <Filter>Source Files</Filter>
    </ClInclude>
  </ItemGroup>
  <ItemGroup>
    <ClCompile Include="src\nauDepthStencilView.cpp">
      <Filter>Source Files</Filter>
    </ClCompile>
    <ClCompile Include="src\nauDevice.cpp">
      <Filter>Source Files</Filter>
    </ClCompile>
    <ClCompile Include="src\nauDeviceContext.cpp">
      <Filter>Source Files</Filter>
    </ClCompile>
    <ClCompile Include="src\nauGraphicsBuffer.cpp">
      <Filter>Source Files</Filter>
    </ClCompile>
    <ClCompile Include="src\nauInputLayout.cpp">
      <Filter>Source Files</Filter>
    </ClCompile>
    <ClCompile Include="src\nauMesh.cpp">
      <Filter>Source Files</Filter>
    </ClCompile>
    <ClCompile Include="src\nauModel.cpp">
      <Filter>Source Files</Filter>
    </ClCompile>
    <ClCompile Include="src\nauRenderTargetView.cpp">
      <Filter>Source Files</Filter>
    </ClCompile>
    <ClCompile Include="src\nauSamplerState.cpp">
      <Filter>Source Files</Filter>
    </ClCompile>
    <ClCompile Include="src\nauShader.cpp">
      <Filter>Source Files</Filter>
    </ClCompile>
    <ClCompile Include="src\nauShaderResourceView.cpp">
      <Filter>Source Files</Filter>
    </ClCompile>
    <ClCompile Include="src\nauSwapChain.cpp">
      <Filter>Source Files</Filter>
    </ClCompile>
    <ClCompile Include="src\nauTexture.cpp">
      <Filter>Source Files</Filter>
    </ClCompile>
    <ClCompile Include="src\nauViewPort.cpp">
      <Filter>Source Files</Filter>
    </ClCompile>
    <ClCompile Include="src\nauGraphicsAPI.cpp">
      <Filter>Source Files</Filter>
    </ClCompile>
    <ClCompile Include="src\nauRasterizerState.cpp">
      <Filter>Source Files</Filter>
    </ClCompile>
    <ClCompile Include="src\nauBaseApp.cpp">
      <Filter>Source Files</Filter>
    </ClCompile>
    <ClCompile Include="src\nauCamera.cpp">
      <Filter>Source Files</Filter>
    </ClCompile>
    <ClCompile Include="src\nauDepthStencil.cpp">
      <Filter>Source Files</Filter>
    </ClCompile>
    <ClCompile Include="src\nauCameraManager.cpp">
      <Filter>Source Files</Filter>
    </ClCompile>
    <ClCompile Include="src\nauMaterial.cpp">
      <Filter>Source Files</Filter>
    </ClCompile>
    <ClCompile Include="src\nauComponent.cpp">
      <Filter>Source Files</Filter>
    </ClCompile>
    <ClCompile Include="src\nauGameObject.cpp">
      <Filter>Source Files</Filter>
    </ClCompile>
  </ItemGroup>
</Project>