<?xml version="1.0" encoding="utf-8"?>
<Project ToolsVersion="4.0" xmlns="http://schemas.microsoft.com/developer/msbuild/2003">
  <ItemGroup>
    <Filter Include="Archivos de origen">
      <UniqueIdentifier>{5be860de-13b7-41ed-a96c-46cd516c77c7}</UniqueIdentifier>
      <Extensions>h;hpp;cpp;c;cc;cxx;def;odl;idl;hpj;bat;asm;asmx</Extensions>
    </Filter>
  </ItemGroup>
  <ItemGroup>
    <ClCompile Include="src\nauAABB.cpp">
      <Filter>Archivos de origen</Filter>
    </ClCompile>
    <ClCompile Include="src\nauBox2d.cpp">
      <Filter>Archivos de origen</Filter>
    </ClCompile>
    <ClCompile Include="src\nauFrustrum.cpp">
      <Filter>Archivos de origen</Filter>
    </ClCompile>
    <ClCompile Include="src\nauMatrix4.cpp">
      <Filter>Archivos de origen</Filter>
    </ClCompile>
    <ClCompile Include="src\nauPlane.cpp">
      <Filter>Archivos de origen</Filter>
    </ClCompile>
    <ClCompile Include="src\nauPlatformMath.cpp">
      <Filter>Archivos de origen</Filter>
    </ClCompile>
    <ClCompile Include="src\nauRay.cpp">
      <Filter>Archivos de origen</Filter>
    </ClCompile>
    <ClCompile Include="src\nauSphere.cpp">
      <Filter>Archivos de origen</Filter>
    </ClCompile>
    <ClCompile Include="src\nauTriangle.cpp">
      <Filter>Archivos de origen</Filter>
    </ClCompile>
    <ClCompile Include="src\nauVector2.cpp">
      <Filter>Archivos de origen</Filter>
    </ClCompile>
    <ClCompile Include="src\nauVector2i.cpp">
      <Filter>Archivos de origen</Filter>
    </ClCompile>
    <ClCompile Include="src\nauVector3.cpp">
      <Filter>Archivos de origen</Filter>
    </ClCompile>
    <ClCompile Include="src\nauOOBB.cpp">
      <Filter>Archivos de origen</Filter>
    </ClCompile>
  </ItemGroup>
  <ItemGroup>
    <ClInclude Include="include\nauAABB.h">
      <Filter>Archivos de origen</Filter>
    </ClInclude>
    <ClInclude Include="include\nauBox2d.h">
      <Filter>Archivos de origen</Filter>
    </ClInclude>
    <ClInclude Include="include\nauFrustrum.h">
      <Filter>Archivos de origen</Filter>
    </ClInclude>
    <ClInclude Include="include\nauMath.h">
      <Filter>Archivos de origen</Filter>
    </ClInclude>
    <ClInclude Include="include\nauMatrix4.h">
      <Filter>Archivos de origen</Filter>
    </ClInclude>
    <ClInclude Include="include\nauPlane.h">
      <Filter>Archivos de origen</Filter>
    </ClInclude>
    <ClInclude Include="include\nauPlatformDefines.h">
      <Filter>Archivos de origen</Filter>
    </ClInclude>
    <ClInclude Include="include\nauPlatformMath.h">
      <Filter>Archivos de origen</Filter>
    </ClInclude>
    <ClInclude Include="include\nauPlatformTypes.h">
      <Filter>Archivos de origen</Filter>
    </ClInclude>
    <ClInclude Include="include\nauPlatformUtilities.h">
      <Filter>Archivos de origen</Filter>
    </ClInclude>
    <ClInclude Include="include\nauPrerequisitesUtil.h">
      <Filter>Archivos de origen</Filter>
    </ClInclude>
    <ClInclude Include="include\nauRay.h">
      <Filter>Archivos de origen</Filter>
    </ClInclude>
    <ClInclude Include="include\nauSphere.h">
      <Filter>Archivos de origen</Filter>
    </ClInclude>
    <ClInclude Include="include\nauTriangle.h">
      <Filter>Archivos de origen</Filter>
    </ClInclude>
    <ClInclude Include="include\nauVector2.h">
      <Filter>Archivos de origen</Filter>
    </ClInclude>
    <ClInclude Include="include\nauVector2i.h">
      <Filter>Archivos de origen</Filter>
    </ClInclude>
    <ClInclude Include="include\nauVector3.h">
      <Filter>Archivos de origen</Filter>
    </ClInclude>
    <ClInclude Include="include\nauWindowsMath.h">
      <Filter>Archivos de origen</Filter>
    </ClInclude>
    <ClInclude Include="include\nauOOBB.h">
      <Filter>Archivos de origen</Filter>
    </ClInclude>
  </ItemGroup>
</Project>