<?xml version="1.0" encoding="utf-8"?>
<Project ToolsVersion="4.0" xmlns="http://schemas.microsoft.com/developer/msbuild/2003">
  <ItemGroup>
    <Filter Include="Archivos de origen">
      <UniqueIdentifier>{5be860de-13b7-41ed-a96c-46cd516c77c7}</UniqueIdentifier>
      <Extensions>h;hpp;cpp;c;cc;cxx;def;odl;idl;hpj;bat;asm;asmx</Extensions>
    </Filter>
  </ItemGroup>
  <ItemGroup>
    <ClInclude Include="include\nauMath.h">
      <Filter>Archivos de origen</Filter>
    </ClInclude>
    <ClInclude Include="include\nauPlatformDefines.h">
      <Filter>Archivos de origen</Filter>
    </ClInclude>
    <ClInclude Include="include\nauPlatformMath.h">
      <Filter>Archivos de origen</Filter>
    </ClInclude>
    <ClInclude Include="include\nauPlatformTypes.h">
      <Filter>Archivos de origen</Filter>
    </ClInclude>
    <ClInclude Include="include\nauVector2.h">
      <Filter>Archivos de origen</Filter>
    </ClInclude>
    <ClInclude Include="include\nauWindowsMath.h">
      <Filter>Archivos de origen</Filter>
    </ClInclude>
    <ClInclude Include="nauVector3.h">
      <Filter>Archivos de origen</Filter>
    </ClInclude>
  </ItemGroup>
  <ItemGroup>
    <ClCompile Include="src\Source.cpp">
      <Filter>Archivos de origen</Filter>
    </ClCompile>
    <ClCompile Include="nauVector3.cpp">
      <Filter>Archivos de origen</Filter>
    </ClCompile>
  </ItemGroup>
</Project>