<?xml version="1.0" encoding="utf-8"?>
<Project ToolsVersion="4.0" xmlns="http://schemas.microsoft.com/developer/msbuild/2003">
  <ItemGroup>
    <Filter Include="Source Files">
      <UniqueIdentifier>{4FC737F1-C7A5-4376-A066-2A32D752A2FF}</UniqueIdentifier>
      <Extensions>h;hpp;cpp;c;cc;cxx;def;odl;idl;hpj;bat;asm;asmx</Extensions>
    </Filter>
  </ItemGroup>
  <ItemGroup>
    <ClInclude Include="include\nauDepthStencilDX.h">
      <Filter>Source Files</Filter>
    </ClInclude>
    <ClInclude Include="include\nauDeviceDX.h">
      <Filter>Source Files</Filter>
    </ClInclude>
    <ClInclude Include="include\nauGraphicsAPIDX.h">
      <Filter>Source Files</Filter>
    </ClInclude>
    <ClInclude Include="include\nauGraphicsBufferDX.h">
      <Filter>Source Files</Filter>
    </ClInclude>
    <ClInclude Include="include\nauInputLayoutDX.h">
      <Filter>Source Files</Filter>
    </ClInclude>
    <ClInclude Include="include\nauPrerequisitesDX.h">
      <Filter>Source Files</Filter>
    </ClInclude>
    <ClInclude Include="include\nauSamplerStateDX.h">
      <Filter>Source Files</Filter>
    </ClInclude>
    <ClInclude Include="include\nauShaderDX.h">
      <Filter>Source Files</Filter>
    </ClInclude>
    <ClInclude Include="include\nauTextureDX.h">
      <Filter>Source Files</Filter>
    </ClInclude>
    <ClInclude Include="include\nauViewPortDX.h">
      <Filter>Source Files</Filter>
    </ClInclude>
    <ClInclude Include="nauCoreFactoryDX.h">
      <Filter>Source Files</Filter>
    </ClInclude>
  </ItemGroup>
  <ItemGroup>
    <ClCompile Include="src\nauDepthStencilDX.cpp">
      <Filter>Source Files</Filter>
    </ClCompile>
    <ClCompile Include="src\nauDeviceDX.cpp">
      <Filter>Source Files</Filter>
    </ClCompile>
    <ClCompile Include="src\nauGraphicsAPIDX.cpp">
      <Filter>Source Files</Filter>
    </ClCompile>
    <ClCompile Include="src\nauGraphicsBufferDX.cpp">
      <Filter>Source Files</Filter>
    </ClCompile>
    <ClCompile Include="src\nauInputLayoutDX.cpp">
      <Filter>Source Files</Filter>
    </ClCompile>
    <ClCompile Include="src\nauSamplerStateDX.cpp">
      <Filter>Source Files</Filter>
    </ClCompile>
    <ClCompile Include="src\nauShaderDX.cpp">
      <Filter>Source Files</Filter>
    </ClCompile>
    <ClCompile Include="src\nauTextureDX.cpp">
      <Filter>Source Files</Filter>
    </ClCompile>
    <ClCompile Include="src\nauViewPortDX.cpp">
      <Filter>Source Files</Filter>
    </ClCompile>
    <ClCompile Include="nauCoreFactoryDX.cpp">
      <Filter>Source Files</Filter>
    </ClCompile>
  </ItemGroup>
</Project>